{
  "originHash" : "e97063d1013b8a096c55086e5038ae62d9aeb606306c934899436fb165b40f39",
  "pins" : [
    {
      "identity" : "ballkit",
      "kind" : "remoteSourceControl",
      "location" : "https://github.com/memtarhan/BallKit",
      "state" : {
        "revision" : "7470eb64c1b9093bffe7e91ed7db3e8f9becd364",
        "version" : "1.0.3"
      }
    }
  ],
  "version" : 3
}
